<?xml version="1.0" encoding="utf-8"?>
<Project ToolsVersion="4.0" xmlns="http://schemas.microsoft.com/developer/msbuild/2003">
  <ItemGroup>
    <Filter Include="Source Files">
      <UniqueIdentifier>{4FC737F1-C7A5-4376-A066-2A32D752A2FF}</UniqueIdentifier>
      <Extensions>cpp;c;cc;cxx;def;odl;idl;hpj;bat;asm;asmx</Extensions>
    </Filter>
    <Filter Include="Header Files">
      <UniqueIdentifier>{93995380-89BD-4b04-88EB-625FBE52EBFB}</UniqueIdentifier>
      <Extensions>h;hh;hpp;hxx;hm;inl;inc;ipp;xsd</Extensions>
    </Filter>
    <Filter Include="Resource Files">
      <UniqueIdentifier>{67DA6AB6-F800-4c08-8B7A-83BB121AAD01}</UniqueIdentifier>
      <Extensions>rc;ico;cur;bmp;dlg;rc2;rct;bin;rgs;gif;jpg;jpeg;jpe;resx;tiff;tif;png;wav;mfcribbon-ms</Extensions>
    </Filter>
    <Filter Include="Header Files\Systems">
      <UniqueIdentifier>{4c8e5ce1-aa0f-4bfe-a2b2-faa927932756}</UniqueIdentifier>
    </Filter>
    <Filter Include="Header Files\OBJ">
      <UniqueIdentifier>{64bc6f22-8505-4fa2-8d57-4b4af76c53c8}</UniqueIdentifier>
    </Filter>
    <Filter Include="Header Files\Componets">
      <UniqueIdentifier>{2f377954-1519-41eb-aa76-29034e0aed61}</UniqueIdentifier>
    </Filter>
    <Filter Include="Header Files\Math">
      <UniqueIdentifier>{e013ab5d-267a-4eca-80a7-fcad9ac13157}</UniqueIdentifier>
    </Filter>
    <Filter Include="Physics">
      <UniqueIdentifier>{e2744d23-5576-43e3-a4f4-035f75a5dc26}</UniqueIdentifier>
    </Filter>
    <Filter Include="Event">
      <UniqueIdentifier>{fa4fb1e3-c516-49c5-a636-e964efdb525d}</UniqueIdentifier>
    </Filter>
    <Filter Include="Framwork">
      <UniqueIdentifier>{0c79e1b9-8e70-48c2-add8-d81173ced521}</UniqueIdentifier>
    </Filter>
  </ItemGroup>
  <ItemGroup>
    <ClInclude Include="engine.h">
      <Filter>Header Files</Filter>
    </ClInclude>
    <ClInclude Include="textureManager.h">
      <Filter>Header Files</Filter>
    </ClInclude>
    <ClInclude Include="renderer.h">
      <Filter>Header Files</Filter>
    </ClInclude>
    <ClInclude Include="color.h">
      <Filter>Header Files\Math</Filter>
    </ClInclude>
    <ClInclude Include="matrix22.h">
      <Filter>Header Files\Math</Filter>
    </ClInclude>
    <ClInclude Include="matrix33.h">
      <Filter>Header Files\Math</Filter>
    </ClInclude>
    <ClInclude Include="vector2D.h">
      <Filter>Header Files\Math</Filter>
    </ClInclude>
    <ClInclude Include="vector3D.h">
      <Filter>Header Files\Math</Filter>
    </ClInclude>
    <ClInclude Include="audioSystems.h">
      <Filter>Header Files\Systems</Filter>
    </ClInclude>
    <ClInclude Include="inputManager.h">
      <Filter>Header Files\Systems</Filter>
    </ClInclude>
    <ClInclude Include="singleton.h">
      <Filter>Header Files\Systems</Filter>
    </ClInclude>
    <ClInclude Include="text.h">
      <Filter>Header Files</Filter>
    </ClInclude>
    <ClInclude Include="TextManager.h">
      <Filter>Header Files\Systems</Filter>
    </ClInclude>
    <ClInclude Include="_math.h">
      <Filter>Header Files\Math</Filter>
    </ClInclude>
    <ClInclude Include="id.h">
      <Filter>Header Files\OBJ</Filter>
    </ClInclude>
    <ClInclude Include="object.h">
      <Filter>Header Files\OBJ</Filter>
    </ClInclude>
    <ClInclude Include="entity.h">
      <Filter>Header Files\OBJ</Filter>
    </ClInclude>
    <ClInclude Include="component.h">
      <Filter>Header Files\Componets</Filter>
    </ClInclude>
    <ClInclude Include="renderComponent.h">
      <Filter>Header Files\Componets</Filter>
    </ClInclude>
    <ClInclude Include="spriteComponent.h">
      <Filter>Header Files\Componets</Filter>
    </ClInclude>
    <ClInclude Include="texture.h">
      <Filter>Header Files\Componets</Filter>
    </ClInclude>
    <ClInclude Include="controllerComponent.h">
      <Filter>Header Files\Componets</Filter>
    </ClInclude>
    <ClInclude Include="scene.h">
      <Filter>Header Files\OBJ</Filter>
    </ClInclude>
    <ClInclude Include="kinematicComponent.h">
      <Filter>Header Files\Componets</Filter>
    </ClInclude>
    <ClInclude Include="transform.h">
      <Filter>Header Files\Math</Filter>
    </ClInclude>
    <ClInclude Include="fileSystem.h">
      <Filter>Header Files\Systems</Filter>
    </ClInclude>
    <ClInclude Include="collisionComponent.h">
      <Filter>Header Files\Componets</Filter>
    </ClInclude>
    <ClInclude Include="physicsComponent.h">
      <Filter>Physics</Filter>
    </ClInclude>
    <ClInclude Include="physics.h">
      <Filter>Physics</Filter>
    </ClInclude>
    <ClInclude Include="aabb.h">
      <Filter>Physics</Filter>
    </ClInclude>
    <ClInclude Include="aabbComponent.h">
      <Filter>Header Files\Componets</Filter>
    </ClInclude>
    <ClInclude Include="event.h">
      <Filter>Event</Filter>
    </ClInclude>
    <ClInclude Include="eventManager.h">
      <Filter>Event</Filter>
    </ClInclude>
    <ClInclude Include="textComponent.h">
      <Filter>Header Files\Componets</Filter>
    </ClInclude>
    <ClInclude Include="eventReceiver.h">
      <Filter>Event</Filter>
    </ClInclude>
    <ClInclude Include="animationComponent.h">
      <Filter>Header Files\Componets</Filter>
    </ClInclude>
    <ClInclude Include="shipExplosion.h">
      <Filter>Header Files\OBJ</Filter>
    </ClInclude>
    <ClInclude Include="state.h">
      <Filter>Framwork</Filter>
    </ClInclude>
    <ClInclude Include="stateMachine.h">
      <Filter>Framwork</Filter>
    </ClInclude>
    <ClInclude Include="varient.h">
      <Filter>Framwork</Filter>
    </ClInclude>
    <ClInclude Include="waypoint.h">
      <Filter>Header Files\OBJ</Filter>
    </ClInclude>
    <ClInclude Include="debugDraw.h">
      <Filter>Header Files</Filter>
    </ClInclude>
    <ClInclude Include="timer.h">
      <Filter>Header Files\Systems</Filter>
    </ClInclude>
    <ClInclude Include="waypointControllerComponent.h">
      <Filter>Header Files\Componets</Filter>
    </ClInclude>
    <ClInclude Include="transfromControllerComponent.h">
      <Filter>Header Files\Componets</Filter>
    </ClInclude>
    <ClInclude Include="explosion.h">
      <Filter>Header Files\OBJ</Filter>
    </ClInclude>
  </ItemGroup>
  <ItemGroup>
    <ClCompile Include="engine.cpp">
      <Filter>Source Files</Filter>
    </ClCompile>
    <ClCompile Include="textureManager.cpp">
      <Filter>Source Files</Filter>
    </ClCompile>
    <ClCompile Include="renderer.cpp">
      <Filter>Source Files</Filter>
    </ClCompile>
    <ClCompile Include="color.cpp">
      <Filter>Header Files\Math</Filter>
    </ClCompile>
    <ClCompile Include="matrix22.cpp">
      <Filter>Header Files\Math</Filter>
    </ClCompile>
    <ClCompile Include="matrix33.cpp">
      <Filter>Header Files\Math</Filter>
    </ClCompile>
    <ClCompile Include="vector2D.cpp">
      <Filter>Header Files\Math</Filter>
    </ClCompile>
    <ClCompile Include="vector3D.cpp">
      <Filter>Header Files\Math</Filter>
    </ClCompile>
    <ClCompile Include="audioSystems.cpp">
      <Filter>Header Files\Systems</Filter>
    </ClCompile>
    <ClCompile Include="inputManager.cpp">
      <Filter>Header Files\Systems</Filter>
    </ClCompile>
    <ClCompile Include="text.cpp">
      <Filter>Source Files</Filter>
    </ClCompile>
    <ClCompile Include="TextManager.cpp">
      <Filter>Source Files</Filter>
    </ClCompile>
    <ClCompile Include="_math.cpp">
      <Filter>Header Files\Math</Filter>
    </ClCompile>
    <ClCompile Include="id.cpp">
      <Filter>Header Files\OBJ</Filter>
    </ClCompile>
    <ClCompile Include="object.cpp">
      <Filter>Header Files\OBJ</Filter>
    </ClCompile>
    <ClCompile Include="entity.cpp">
      <Filter>Header Files\OBJ</Filter>
    </ClCompile>
    <ClCompile Include="component.cpp">
      <Filter>Header Files\Componets</Filter>
    </ClCompile>
    <ClCompile Include="spriteComponent.cpp">
      <Filter>Header Files\Componets</Filter>
    </ClCompile>
    <ClCompile Include="texture.cpp">
      <Filter>Header Files\Componets</Filter>
    </ClCompile>
    <ClCompile Include="scene.cpp">
      <Filter>Header Files\OBJ</Filter>
    </ClCompile>
    <ClCompile Include="controllerComponent.cpp">
      <Filter>Header Files\Componets</Filter>
    </ClCompile>
    <ClCompile Include="kinematicComponent.cpp">
      <Filter>Header Files\Componets</Filter>
    </ClCompile>
    <ClCompile Include="transform.cpp">
      <Filter>Header Files\Math</Filter>
    </ClCompile>
    <ClCompile Include="fileSystem.cpp">
      <Filter>Header Files\Systems</Filter>
    </ClCompile>
    <ClCompile Include="physics.cpp">
      <Filter>Physics</Filter>
    </ClCompile>
    <ClCompile Include="aabb.cpp">
      <Filter>Physics</Filter>
    </ClCompile>
    <ClCompile Include="aabbComponent.cpp">
      <Filter>Header Files\Componets</Filter>
    </ClCompile>
    <ClCompile Include="eventManager.cpp">
      <Filter>Event</Filter>
    </ClCompile>
    <ClCompile Include="textComponent.cpp">
      <Filter>Header Files\Componets</Filter>
    </ClCompile>
    <ClCompile Include="animationComponent.cpp">
      <Filter>Header Files\Componets</Filter>
    </ClCompile>
    <ClCompile Include="shipExplosion.cpp">
      <Filter>Header Files\OBJ</Filter>
    </ClCompile>
    <ClCompile Include="state.cpp">
      <Filter>Framwork</Filter>
    </ClCompile>
    <ClCompile Include="stateMachine.cpp">
      <Filter>Framwork</Filter>
    </ClCompile>
    <ClCompile Include="waypoint.cpp">
      <Filter>Header Files\OBJ</Filter>
    </ClCompile>
    <ClCompile Include="debugDraw.cpp">
      <Filter>Header Files</Filter>
    </ClCompile>
    <ClCompile Include="timer.cpp">
      <Filter>Header Files\Systems</Filter>
    </ClCompile>
    <ClCompile Include="waypointControllerComponent.cpp">
      <Filter>Header Files\Componets</Filter>
    </ClCompile>
    <ClCompile Include="transformComponent.cpp">
      <Filter>Header Files\Componets</Filter>
    </ClCompile>
    <ClCompile Include="transfromControllerComponent.cpp">
      <Filter>Header Files\Componets</Filter>
    </ClCompile>
    <ClCompile Include="explosion.cpp">
      <Filter>Header Files\OBJ</Filter>
    </ClCompile>
  </ItemGroup>
</Project>